
Microsoft Visual Studio Solution File, Format Version 12.00
# Visual Studio Version 17
VisualStudioVersion = 17.3.32929.385
MinimumVisualStudioVersion = 10.0.40219.1
Project("{FAE04EC0-301F-11D3-BF4B-00C04F79EFBC}") = "Herencia3", "Herencia3\Herencia3.csproj", "{FF3DB78E-B3A5-403F-8561-93E4BD410856}"
EndProject
Global
	GlobalSection(SolutionConfigurationPlatforms) = preSolution
		Debug|Any CPU = Debug|Any CPU
		Release|Any CPU = Release|Any CPU
	EndGlobalSection
	GlobalSection(ProjectConfigurationPlatforms) = postSolution
		{FF3DB78E-B3A5-403F-8561-93E4BD410856}.Debug|Any CPU.ActiveCfg = Debug|Any CPU
		{FF3DB78E-B3A5-403F-8561-93E4BD410856}.Debug|Any CPU.Build.0 = Debug|Any CPU
		{FF3DB78E-B3A5-403F-8561-93E4BD410856}.Release|Any CPU.ActiveCfg = Release|Any CPU
		{FF3DB78E-B3A5-403F-8561-93E4BD410856}.Release|Any CPU.Build.0 = Release|Any CPU
	EndGlobalSection
	GlobalSection(SolutionProperties) = preSolution
		HideSolutionNode = FALSE
	EndGlobalSection
	GlobalSection(ExtensibilityGlobals) = postSolution
		SolutionGuid = {B79C7B0B-FA10-4C02-A8ED-1EB0ABBC0C6E}
	EndGlobalSection
EndGlobal
