
Microsoft Visual Studio Solution File, Format Version 12.00
# Visual Studio Version 17
VisualStudioVersion = 17.3.32929.385
MinimumVisualStudioVersion = 10.0.40219.1
Project("{FAE04EC0-301F-11D3-BF4B-00C04F79EFBC}") = "Ejemplo1", "Ejemplo1\Ejemplo1.csproj", "{B7E2F348-C8B8-43F1-8D5C-ECE5857CC45C}"
EndProject
Project("{FAE04EC0-301F-11D3-BF4B-00C04F79EFBC}") = "Ejemplo2", "Ejemplo2\Ejemplo2.csproj", "{B8C7FD48-8FC9-4E06-9357-18084E461F1E}"
EndProject
Project("{FAE04EC0-301F-11D3-BF4B-00C04F79EFBC}") = "Ejemplo3", "Ejemplo3\Ejemplo3.csproj", "{AD675E87-E771-4F2F-91F8-9E257A4FFCDC}"
EndProject
Project("{FAE04EC0-301F-11D3-BF4B-00C04F79EFBC}") = "Ejemplo4", "Ejemplo4\Ejemplo4.csproj", "{3F80618B-ECFC-47C8-A328-6E02718380FC}"
EndProject
Project("{FAE04EC0-301F-11D3-BF4B-00C04F79EFBC}") = "Ejemplo5", "Ejemplo5\Ejemplo5.csproj", "{F8B25A42-DD7D-4F11-8138-D3A501701E1E}"
EndProject
Global
	GlobalSection(SolutionConfigurationPlatforms) = preSolution
		Debug|Any CPU = Debug|Any CPU
		Release|Any CPU = Release|Any CPU
	EndGlobalSection
	GlobalSection(ProjectConfigurationPlatforms) = postSolution
		{B7E2F348-C8B8-43F1-8D5C-ECE5857CC45C}.Debug|Any CPU.ActiveCfg = Debug|Any CPU
		{B7E2F348-C8B8-43F1-8D5C-ECE5857CC45C}.Debug|Any CPU.Build.0 = Debug|Any CPU
		{B7E2F348-C8B8-43F1-8D5C-ECE5857CC45C}.Release|Any CPU.ActiveCfg = Release|Any CPU
		{B7E2F348-C8B8-43F1-8D5C-ECE5857CC45C}.Release|Any CPU.Build.0 = Release|Any CPU
		{B8C7FD48-8FC9-4E06-9357-18084E461F1E}.Debug|Any CPU.ActiveCfg = Debug|Any CPU
		{B8C7FD48-8FC9-4E06-9357-18084E461F1E}.Debug|Any CPU.Build.0 = Debug|Any CPU
		{B8C7FD48-8FC9-4E06-9357-18084E461F1E}.Release|Any CPU.ActiveCfg = Release|Any CPU
		{B8C7FD48-8FC9-4E06-9357-18084E461F1E}.Release|Any CPU.Build.0 = Release|Any CPU
		{AD675E87-E771-4F2F-91F8-9E257A4FFCDC}.Debug|Any CPU.ActiveCfg = Debug|Any CPU
		{AD675E87-E771-4F2F-91F8-9E257A4FFCDC}.Debug|Any CPU.Build.0 = Debug|Any CPU
		{AD675E87-E771-4F2F-91F8-9E257A4FFCDC}.Release|Any CPU.ActiveCfg = Release|Any CPU
		{AD675E87-E771-4F2F-91F8-9E257A4FFCDC}.Release|Any CPU.Build.0 = Release|Any CPU
		{3F80618B-ECFC-47C8-A328-6E02718380FC}.Debug|Any CPU.ActiveCfg = Debug|Any CPU
		{3F80618B-ECFC-47C8-A328-6E02718380FC}.Debug|Any CPU.Build.0 = Debug|Any CPU
		{3F80618B-ECFC-47C8-A328-6E02718380FC}.Release|Any CPU.ActiveCfg = Release|Any CPU
		{3F80618B-ECFC-47C8-A328-6E02718380FC}.Release|Any CPU.Build.0 = Release|Any CPU
		{F8B25A42-DD7D-4F11-8138-D3A501701E1E}.Debug|Any CPU.ActiveCfg = Debug|Any CPU
		{F8B25A42-DD7D-4F11-8138-D3A501701E1E}.Debug|Any CPU.Build.0 = Debug|Any CPU
		{F8B25A42-DD7D-4F11-8138-D3A501701E1E}.Release|Any CPU.ActiveCfg = Release|Any CPU
		{F8B25A42-DD7D-4F11-8138-D3A501701E1E}.Release|Any CPU.Build.0 = Release|Any CPU
	EndGlobalSection
	GlobalSection(SolutionProperties) = preSolution
		HideSolutionNode = FALSE
	EndGlobalSection
	GlobalSection(ExtensibilityGlobals) = postSolution
		SolutionGuid = {36077A36-B404-4D67-AE7C-D7782D6FB821}
	EndGlobalSection
EndGlobal
