
Microsoft Visual Studio Solution File, Format Version 12.00
# Visual Studio Version 17
VisualStudioVersion = 17.3.32929.385
MinimumVisualStudioVersion = 10.0.40219.1
Project("{FAE04EC0-301F-11D3-BF4B-00C04F79EFBC}") = "Ejemplo1", "Ejemplo1\Ejemplo1.csproj", "{C10CC4C7-D300-4757-AD80-BB647914240A}"
EndProject
Global
	GlobalSection(SolutionConfigurationPlatforms) = preSolution
		Debug|Any CPU = Debug|Any CPU
		Release|Any CPU = Release|Any CPU
	EndGlobalSection
	GlobalSection(ProjectConfigurationPlatforms) = postSolution
		{C10CC4C7-D300-4757-AD80-BB647914240A}.Debug|Any CPU.ActiveCfg = Debug|Any CPU
		{C10CC4C7-D300-4757-AD80-BB647914240A}.Debug|Any CPU.Build.0 = Debug|Any CPU
		{C10CC4C7-D300-4757-AD80-BB647914240A}.Release|Any CPU.ActiveCfg = Release|Any CPU
		{C10CC4C7-D300-4757-AD80-BB647914240A}.Release|Any CPU.Build.0 = Release|Any CPU
	EndGlobalSection
	GlobalSection(SolutionProperties) = preSolution
		HideSolutionNode = FALSE
	EndGlobalSection
	GlobalSection(ExtensibilityGlobals) = postSolution
		SolutionGuid = {A72CF762-B258-488D-AE22-0E4CB69CD338}
	EndGlobalSection
EndGlobal
