
Microsoft Visual Studio Solution File, Format Version 12.00
# Visual Studio Version 17
VisualStudioVersion = 17.3.32929.385
MinimumVisualStudioVersion = 10.0.40219.1
Project("{FAE04EC0-301F-11D3-BF4B-00C04F79EFBC}") = "Ejemplo1", "Ejemplo1\Ejemplo1.csproj", "{6BE5B33C-BD4D-442D-9111-C3A6B8D242A9}"
EndProject
Global
	GlobalSection(SolutionConfigurationPlatforms) = preSolution
		Debug|Any CPU = Debug|Any CPU
		Release|Any CPU = Release|Any CPU
	EndGlobalSection
	GlobalSection(ProjectConfigurationPlatforms) = postSolution
		{6BE5B33C-BD4D-442D-9111-C3A6B8D242A9}.Debug|Any CPU.ActiveCfg = Debug|Any CPU
		{6BE5B33C-BD4D-442D-9111-C3A6B8D242A9}.Debug|Any CPU.Build.0 = Debug|Any CPU
		{6BE5B33C-BD4D-442D-9111-C3A6B8D242A9}.Release|Any CPU.ActiveCfg = Release|Any CPU
		{6BE5B33C-BD4D-442D-9111-C3A6B8D242A9}.Release|Any CPU.Build.0 = Release|Any CPU
	EndGlobalSection
	GlobalSection(SolutionProperties) = preSolution
		HideSolutionNode = FALSE
	EndGlobalSection
	GlobalSection(ExtensibilityGlobals) = postSolution
		SolutionGuid = {75A8495E-3E6C-447C-9CD5-DC9F1074788A}
	EndGlobalSection
EndGlobal
